// !$*UTF8*$!
{
	archiveVersion = 1;
	classes = {
	};
	objectVersion = 56;
	objects = {

/* Begin PBXBuildFile section */
		B0CE912B2EA835E400110F9D /* AppXalertApp.swift in Sources */ = {isa = PBXBuildFile; fileRef = B0CE912A2EA835E400110F9D /* AppXalertApp.swift */; };
		B0CE912D2EA835E400110F9D /* ContentView.swift in Sources */ = {isa = PBXBuildFile; fileRef = B0CE912C2EA835E400110F9D /* ContentView.swift */; };
		B0CE912F2EA835E400110F9D /* Item.swift in Sources */ = {isa = PBXBuildFile; fileRef = B0CE912E2EA835E400110F9D /* Item.swift */; };
		B0CE91312EA835E600110F9D /* Assets.xcassets in Resources */ = {isa = PBXBuildFile; fileRef = B0CE91302EA835E600110F9D /* Assets.xcassets */; };
		B0CE91352EA835E600110F9D /* Preview Assets.xcassets in Resources */ = {isa = PBXBuildFile; fileRef = B0CE91342EA835E600110F9D /* Preview Assets.xcassets */; };
		B0CE913F2EA835E700110F9D /* AppXalertTests.swift in Sources */ = {isa = PBXBuildFile; fileRef = B0CE913E2EA835E700110F9D /* AppXalertTests.swift */; };
		B0CE91492EA835E700110F9D /* AppXalertUITests.swift in Sources */ = {isa = PBXBuildFile; fileRef = B0CE91482EA835E700110F9D /* AppXalertUITests.swift */; };
		B0CE914B2EA835E700110F9D /* AppXalertUITestsLaunchTests.swift in Sources */ = {isa = PBXBuildFile; fileRef = B0CE914A2EA835E700110F9D /* AppXalertUITestsLaunchTests.swift */; };
/* End PBXBuildFile section */

/* Begin PBXContainerItemProxy section */
		B0CE913B2EA835E700110F9D /* PBXContainerItemProxy */ = {
			isa = PBXContainerItemProxy;
			containerPortal = B0CE911F2EA835E400110F9D /* Project object */;
			proxyType = 1;
			remoteGlobalIDString = B0CE91262EA835E400110F9D;
			remoteInfo = AppXalert;
		};
		B0CE91452EA835E700110F9D /* PBXContainerItemProxy */ = {
			isa = PBXContainerItemProxy;
			containerPortal = B0CE911F2EA835E400110F9D /* Project object */;
			proxyType = 1;
			remoteGlobalIDString = B0CE91262EA835E400110F9D;
			remoteInfo = AppXalert;
		};
/* End PBXContainerItemProxy section */

/* Begin PBXFileReference section */
		B0CE91272EA835E400110F9D /* AppXalert.app */ = {isa = PBXFileReference; explicitFileType = wrapper.application; includeInIndex = 0; path = AppXalert.app; sourceTree = BUILT_PRODUCTS_DIR; };
		B0CE912A2EA835E400110F9D /* AppXalertApp.swift */ = {isa = PBXFileReference; lastKnownFileType = sourcecode.swift; path = AppXalertApp.swift; sourceTree = "<group>"; };
		B0CE912C2EA835E400110F9D /* ContentView.swift */ = {isa = PBXFileReference; lastKnownFileType = sourcecode.swift; path = ContentView.swift; sourceTree = "<group>"; };
		B0CE912E2EA835E400110F9D /* Item.swift */ = {isa = PBXFileReference; lastKnownFileType = sourcecode.swift; path = Item.swift; sourceTree = "<group>"; };
		B0CE91302EA835E600110F9D /* Assets.xcassets */ = {isa = PBXFileReference; lastKnownFileType = folder.assetcatalog; path = Assets.xcassets; sourceTree = "<group>"; };
		B0CE91322EA835E600110F9D /* AppXalert.entitlements */ = {isa = PBXFileReference; lastKnownFileType = text.plist.entitlements; path = AppXalert.entitlements; sourceTree = "<group>"; };
		B0CE91342EA835E600110F9D /* Preview Assets.xcassets */ = {isa = PBXFileReference; lastKnownFileType = folder.assetcatalog; path = "Preview Assets.xcassets"; sourceTree = "<group>"; };
		B0CE913A2EA835E700110F9D /* AppXalertTests.xctest */ = {isa = PBXFileReference; explicitFileType = wrapper.cfbundle; includeInIndex = 0; path = AppXalertTests.xctest; sourceTree = BUILT_PRODUCTS_DIR; };
		B0CE913E2EA835E700110F9D /* AppXalertTests.swift */ = {isa = PBXFileReference; lastKnownFileType = sourcecode.swift; path = AppXalertTests.swift; sourceTree = "<group>"; };
		B0CE91442EA835E700110F9D /* AppXalertUITests.xctest */ = {isa = PBXFileReference; explicitFileType = wrapper.cfbundle; includeInIndex = 0; path = AppXalertUITests.xctest; sourceTree = BUILT_PRODUCTS_DIR; };
		B0CE91482EA835E700110F9D /* AppXalertUITests.swift */ = {isa = PBXFileReference; lastKnownFileType = sourcecode.swift; path = AppXalertUITests.swift; sourceTree = "<group>"; };
		B0CE914A2EA835E700110F9D /* AppXalertUITestsLaunchTests.swift */ = {isa = PBXFileReference; lastKnownFileType = sourcecode.swift; path = AppXalertUITestsLaunchTests.swift; sourceTree = "<group>"; };
/* End PBXFileReference section */

/* Begin PBXFrameworksBuildPhase section */
		B0CE91242EA835E400110F9D /* Frameworks */ = {
			isa = PBXFrameworksBuildPhase;
			buildActionMask = 2147483647;
			files = (
			);
			runOnlyForDeploymentPostprocessing = 0;
		};
		B0CE91372EA835E700110F9D /* Frameworks */ = {
			isa = PBXFrameworksBuildPhase;
			buildActionMask = 2147483647;
			files = (
			);
			runOnlyForDeploymentPostprocessing = 0;
		};
		B0CE91412EA835E700110F9D /* Frameworks */ = {
			isa = PBXFrameworksBuildPhase;
			buildActionMask = 2147483647;
			files = (
			);
			runOnlyForDeploymentPostprocessing = 0;
		};
/* End PBXFrameworksBuildPhase section */

/* Begin PBXGroup section */
		B0CE911E2EA835E400110F9D = {
			isa = PBXGroup;
			children = (
				B0CE91292EA835E400110F9D /* AppXalert */,
				B0CE913D2EA835E700110F9D /* AppXalertTests */,
				B0CE91472EA835E700110F9D /* AppXalertUITests */,
				B0CE91282EA835E400110F9D /* Products */,
			);
			sourceTree = "<group>";
		};
		B0CE91282EA835E400110F9D /* Products */ = {
			isa = PBXGroup;
			children = (
				B0CE91272EA835E400110F9D /* AppXalert.app */,
				B0CE913A2EA835E700110F9D /* AppXalertTests.xctest */,
				B0CE91442EA835E700110F9D /* AppXalertUITests.xctest */,
			);
			name = Products;
			sourceTree = "<group>";
		};
		B0CE91292EA835E400110F9D /* AppXalert */ = {
			isa = PBXGroup;
			children = (
				B0CE912A2EA835E400110F9D /* AppXalertApp.swift */,
				B0CE912C2EA835E400110F9D /* ContentView.swift */,
				B0CE912E2EA835E400110F9D /* Item.swift */,
				B0CE91302EA835E600110F9D /* Assets.xcassets */,
				B0CE91322EA835E600110F9D /* AppXalert.entitlements */,
				B0CE91332EA835E600110F9D /* Preview Content */,
			);
			path = AppXalert;
			sourceTree = "<group>";
		};
		B0CE91332EA835E600110F9D /* Preview Content */ = {
			isa = PBXGroup;
			children = (
				B0CE91342EA835E600110F9D /* Preview Assets.xcassets */,
			);
			path = "Preview Content";
			sourceTree = "<group>";
		};
		B0CE913D2EA835E700110F9D /* AppXalertTests */ = {
			isa = PBXGroup;
			children = (
				B0CE913E2EA835E700110F9D /* AppXalertTests.swift */,
			);
			path = AppXalertTests;
			sourceTree = "<group>";
		};
		B0CE91472EA835E700110F9D /* AppXalertUITests */ = {
			isa = PBXGroup;
			children = (
				B0CE91482EA835E700110F9D /* AppXalertUITests.swift */,
				B0CE914A2EA835E700110F9D /* AppXalertUITestsLaunchTests.swift */,
			);
			path = AppXalertUITests;
			sourceTree = "<group>";
		};
/* End PBXGroup section */

/* Begin PBXNativeTarget section */
		B0CE91262EA835E400110F9D /* AppXalert */ = {
			isa = PBXNativeTarget;
			buildConfigurationList = B0CE914E2EA835E700110F9D /* Build configuration list for PBXNativeTarget "AppXalert" */;
			buildPhases = (
				B0CE91232EA835E400110F9D /* Sources */,
				B0CE91242EA835E400110F9D /* Frameworks */,
				B0CE91252EA835E400110F9D /* Resources */,
			);
			buildRules = (
			);
			dependencies = (
			);
			name = AppXalert;
			productName = AppXalert;
			productReference = B0CE91272EA835E400110F9D /* AppXalert.app */;
			productType = "com.apple.product-type.application";
		};
		B0CE91392EA835E700110F9D /* AppXalertTests */ = {
			isa = PBXNativeTarget;
			buildConfigurationList = B0CE91512EA835E700110F9D /* Build configuration list for PBXNativeTarget "AppXalertTests" */;
			buildPhases = (
				B0CE91362EA835E700110F9D /* Sources */,
				B0CE91372EA835E700110F9D /* Frameworks */,
				B0CE91382EA835E700110F9D /* Resources */,
			);
			buildRules = (
			);
			dependencies = (
				B0CE913C2EA835E700110F9D /* PBXTargetDependency */,
			);
			name = AppXalertTests;
			productName = AppXalertTests;
			productReference = B0CE913A2EA835E700110F9D /* AppXalertTests.xctest */;
			productType = "com.apple.product-type.bundle.unit-test";
		};
		B0CE91432EA835E700110F9D /* AppXalertUITests */ = {
			isa = PBXNativeTarget;
			buildConfigurationList = B0CE91542EA835E700110F9D /* Build configuration list for PBXNativeTarget "AppXalertUITests" */;
			buildPhases = (
				B0CE91402EA835E700110F9D /* Sources */,
				B0CE91412EA835E700110F9D /* Frameworks */,
				B0CE91422EA835E700110F9D /* Resources */,
			);
			buildRules = (
			);
			dependencies = (
				B0CE91462EA835E700110F9D /* PBXTargetDependency */,
			);
			name = AppXalertUITests;
			productName = AppXalertUITests;
			productReference = B0CE91442EA835E700110F9D /* AppXalertUITests.xctest */;
			productType = "com.apple.product-type.bundle.ui-testing";
		};
/* End PBXNativeTarget section */

/* Begin PBXProject section */
		B0CE911F2EA835E400110F9D /* Project object */ = {
			isa = PBXProject;
			attributes = {
				BuildIndependentTargetsInParallel = 1;
				LastSwiftUpdateCheck = 1540;
				LastUpgradeCheck = 1540;
				TargetAttributes = {
					B0CE91262EA835E400110F9D = {
						CreatedOnToolsVersion = 15.4;
					};
					B0CE91392EA835E700110F9D = {
						CreatedOnToolsVersion = 15.4;
						TestTargetID = B0CE91262EA835E400110F9D;
					};
					B0CE91432EA835E700110F9D = {
						CreatedOnToolsVersion = 15.4;
						TestTargetID = B0CE91262EA835E400110F9D;
					};
				};
			};
			buildConfigurationList = B0CE91222EA835E400110F9D /* Build configuration list for PBXProject "AppXalert" */;
			compatibilityVersion = "Xcode 14.0";
			developmentRegion = en;
			hasScannedForEncodings = 0;
			knownRegions = (
				en,
				Base,
			);
			mainGroup = B0CE911E2EA835E400110F9D;
			productRefGroup = B0CE91282EA835E400110F9D /* Products */;
			projectDirPath = "";
			projectRoot = "";
			targets = (
				B0CE91262EA835E400110F9D /* AppXalert */,
				B0CE91392EA835E700110F9D /* AppXalertTests */,
				B0CE91432EA835E700110F9D /* AppXalertUITests */,
			);
		};
/* End PBXProject section */

/* Begin PBXResourcesBuildPhase section */
		B0CE91252EA835E400110F9D /* Resources */ = {
			isa = PBXResourcesBuildPhase;
			buildActionMask = 2147483647;
			files = (
				B0CE91352EA835E600110F9D /* Preview Assets.xcassets in Resources */,
				B0CE91312EA835E600110F9D /* Assets.xcassets in Resources */,
			);
			runOnlyForDeploymentPostprocessing = 0;
		};
		B0CE91382EA835E700110F9D /* Resources */ = {
			isa = PBXResourcesBuildPhase;
			buildActionMask = 2147483647;
			files = (
			);
			runOnlyForDeploymentPostprocessing = 0;
		};
		B0CE91422EA835E700110F9D /* Resources */ = {
			isa = PBXResourcesBuildPhase;
			buildActionMask = 2147483647;
			files = (
			);
			runOnlyForDeploymentPostprocessing = 0;
		};
/* End PBXResourcesBuildPhase section */

/* Begin PBXSourcesBuildPhase section */
		B0CE91232EA835E400110F9D /* Sources */ = {
			isa = PBXSourcesBuildPhase;
			buildActionMask = 2147483647;
			files = (
				B0CE912D2EA835E400110F9D /* ContentView.swift in Sources */,
				B0CE912F2EA835E400110F9D /* Item.swift in Sources */,
				B0CE912B2EA835E400110F9D /* AppXalertApp.swift in Sources */,
			);
			runOnlyForDeploymentPostprocessing = 0;
		};
		B0CE91362EA835E700110F9D /* Sources */ = {
			isa = PBXSourcesBuildPhase;
			buildActionMask = 2147483647;
			files = (
				B0CE913F2EA835E700110F9D /* AppXalertTests.swift in Sources */,
			);
			runOnlyForDeploymentPostprocessing = 0;
		};
		B0CE91402EA835E700110F9D /* Sources */ = {
			isa = PBXSourcesBuildPhase;
			buildActionMask = 2147483647;
			files = (
				B0CE914B2EA835E700110F9D /* AppXalertUITestsLaunchTests.swift in Sources */,
				B0CE91492EA835E700110F9D /* AppXalertUITests.swift in Sources */,
			);
			runOnlyForDeploymentPostprocessing = 0;
		};
/* End PBXSourcesBuildPhase section */

/* Begin PBXTargetDependency section */
		B0CE913C2EA835E700110F9D /* PBXTargetDependency */ = {
			isa = PBXTargetDependency;
			target = B0CE91262EA835E400110F9D /* AppXalert */;
			targetProxy = B0CE913B2EA835E700110F9D /* PBXContainerItemProxy */;
		};
		B0CE91462EA835E700110F9D /* PBXTargetDependency */ = {
			isa = PBXTargetDependency;
			target = B0CE91262EA835E400110F9D /* AppXalert */;
			targetProxy = B0CE91452EA835E700110F9D /* PBXContainerItemProxy */;
		};
/* End PBXTargetDependency section */

/* Begin XCBuildConfiguration section */
		B0CE914C2EA835E700110F9D /* Debug */ = {
			isa = XCBuildConfiguration;
			buildSettings = {
				ALWAYS_SEARCH_USER_PATHS = NO;
				ASSETCATALOG_COMPILER_GENERATE_SWIFT_ASSET_SYMBOL_EXTENSIONS = YES;
				CLANG_ANALYZER_NONNULL = YES;
				CLANG_ANALYZER_NUMBER_OBJECT_CONVERSION = YES_AGGRESSIVE;
				CLANG_CXX_LANGUAGE_STANDARD = "gnu++20";
				CLANG_ENABLE_MODULES = YES;
				CLANG_ENABLE_OBJC_ARC = YES;
				CLANG_ENABLE_OBJC_WEAK = YES;
				CLANG_WARN_BLOCK_CAPTURE_AUTORELEASING = YES;
				CLANG_WARN_BOOL_CONVERSION = YES;
				CLANG_WARN_COMMA = YES;
				CLANG_WARN_CONSTANT_CONVERSION = YES;
				CLANG_WARN_DEPRECATED_OBJC_IMPLEMENTATIONS = YES;
				CLANG_WARN_DIRECT_OBJC_ISA_USAGE = YES_ERROR;
				CLANG_WARN_DOCUMENTATION_COMMENTS = YES;
				CLANG_WARN_EMPTY_BODY = YES;
				CLANG_WARN_ENUM_CONVERSION = YES;
				CLANG_WARN_INFINITE_RECURSION = YES;
				CLANG_WARN_INT_CONVERSION = YES;
				CLANG_WARN_NON_LITERAL_NULL_CONVERSION = YES;
				CLANG_WARN_OBJC_IMPLICIT_RETAIN_SELF = YES;
				CLANG_WARN_OBJC_LITERAL_CONVERSION = YES;
				CLANG_WARN_OBJC_ROOT_CLASS = YES_ERROR;
				CLANG_WARN_QUOTED_INCLUDE_IN_FRAMEWORK_HEADER = YES;
				CLANG_WARN_RANGE_LOOP_ANALYSIS = YES;
				CLANG_WARN_STRICT_PROTOTYPES = YES;
				CLANG_WARN_SUSPICIOUS_MOVE = YES;
				CLANG_WARN_UNGUARDED_AVAILABILITY = YES_AGGRESSIVE;
				CLANG_WARN_UNREACHABLE_CODE = YES;
				CLANG_WARN__DUPLICATE_METHOD_MATCH = YES;
				COPY_PHASE_STRIP = NO;
				DEBUG_INFORMATION_FORMAT = dwarf;
				ENABLE_STRICT_OBJC_MSGSEND = YES;
				ENABLE_TESTABILITY = YES;
				ENABLE_USER_SCRIPT_SANDBOXING = YES;
				GCC_C_LANGUAGE_STANDARD = gnu17;
				GCC_DYNAMIC_NO_PIC = NO;
				GCC_NO_COMMON_BLOCKS = YES;
				GCC_OPTIMIZATION_LEVEL = 0;
				GCC_PREPROCESSOR_DEFINITIONS = (
					"DEBUG=1",
					"$(inherited)",
				);
				GCC_WARN_64_TO_32_BIT_CONVERSION = YES;
				GCC_WARN_ABOUT_RETURN_TYPE = YES_ERROR;
				GCC_WARN_UNDECLARED_SELECTOR = YES;
				GCC_WARN_UNINITIALIZED_AUTOS = YES_AGGRESSIVE;
				GCC_WARN_UNUSED_FUNCTION = YES;
				GCC_WARN_UNUSED_VARIABLE = YES;
				LOCALIZATION_PREFERS_STRING_CATALOGS = YES;
				MTL_ENABLE_DEBUG_INFO = INCLUDE_SOURCE;
				MTL_FAST_MATH = YES;
				ONLY_ACTIVE_ARCH = YES;
				SWIFT_ACTIVE_COMPILATION_CONDITIONS = "DEBUG $(inherited)";
				SWIFT_OPTIMIZATION_LEVEL = "-Onone";
			};
			name = Debug;
		};
		B0CE914D2EA835E700110F9D /* Release */ = {
			isa = XCBuildConfiguration;
			buildSettings = {
				ALWAYS_SEARCH_USER_PATHS = NO;
				ASSETCATALOG_COMPILER_GENERATE_SWIFT_ASSET_SYMBOL_EXTENSIONS = YES;
				CLANG_ANALYZER_NONNULL = YES;
				CLANG_ANALYZER_NUMBER_OBJECT_CONVERSION = YES_AGGRESSIVE;
				CLANG_CXX_LANGUAGE_STANDARD = "gnu++20";
				CLANG_ENABLE_MODULES = YES;
				CLANG_ENABLE_OBJC_ARC = YES;
				CLANG_ENABLE_OBJC_WEAK = YES;
				CLANG_WARN_BLOCK_CAPTURE_AUTORELEASING = YES;
				CLANG_WARN_BOOL_CONVERSION = YES;
				CLANG_WARN_COMMA = YES;
				CLANG_WARN_CONSTANT_CONVERSION = YES;
				CLANG_WARN_DEPRECATED_OBJC_IMPLEMENTATIONS = YES;
				CLANG_WARN_DIRECT_OBJC_ISA_USAGE = YES_ERROR;
				CLANG_WARN_DOCUMENTATION_COMMENTS = YES;
				CLANG_WARN_EMPTY_BODY = YES;
				CLANG_WARN_ENUM_CONVERSION = YES;
				CLANG_WARN_INFINITE_RECURSION = YES;
				CLANG_WARN_INT_CONVERSION = YES;
				CLANG_WARN_NON_LITERAL_NULL_CONVERSION = YES;
				CLANG_WARN_OBJC_IMPLICIT_RETAIN_SELF = YES;
				CLANG_WARN_OBJC_LITERAL_CONVERSION = YES;
				CLANG_WARN_OBJC_ROOT_CLASS = YES_ERROR;
				CLANG_WARN_QUOTED_INCLUDE_IN_FRAMEWORK_HEADER = YES;
				CLANG_WARN_RANGE_LOOP_ANALYSIS = YES;
				CLANG_WARN_STRICT_PROTOTYPES = YES;
				CLANG_WARN_SUSPICIOUS_MOVE = YES;
				CLANG_WARN_UNGUARDED_AVAILABILITY = YES_AGGRESSIVE;
				CLANG_WARN_UNREACHABLE_CODE = YES;
				CLANG_WARN__DUPLICATE_METHOD_MATCH = YES;
				COPY_PHASE_STRIP = NO;
				DEBUG_INFORMATION_FORMAT = "dwarf-with-dsym";
				ENABLE_NS_ASSERTIONS = NO;
				ENABLE_STRICT_OBJC_MSGSEND = YES;
				ENABLE_USER_SCRIPT_SANDBOXING = YES;
				GCC_C_LANGUAGE_STANDARD = gnu17;
				GCC_NO_COMMON_BLOCKS = YES;
				GCC_WARN_64_TO_32_BIT_CONVERSION = YES;
				GCC_WARN_ABOUT_RETURN_TYPE = YES_ERROR;
				GCC_WARN_UNDECLARED_SELECTOR = YES;
				GCC_WARN_UNINITIALIZED_AUTOS = YES_AGGRESSIVE;
				GCC_WARN_UNUSED_FUNCTION = YES;
				GCC_WARN_UNUSED_VARIABLE = YES;
				LOCALIZATION_PREFERS_STRING_CATALOGS = YES;
				MTL_ENABLE_DEBUG_INFO = NO;
				MTL_FAST_MATH = YES;
				SWIFT_COMPILATION_MODE = wholemodule;
			};
			name = Release;
		};
		B0CE914F2EA835E700110F9D /* Debug */ = {
			isa = XCBuildConfiguration;
			buildSettings = {
				ASSETCATALOG_COMPILER_APPICON_NAME = AppIcon;
				ASSETCATALOG_COMPILER_GLOBAL_ACCENT_COLOR_NAME = AccentColor;
				CODE_SIGN_ENTITLEMENTS = AppXalert/AppXalert.entitlements;
				CODE_SIGN_STYLE = Automatic;
				CURRENT_PROJECT_VERSION = 1;
				DEVELOPMENT_ASSET_PATHS = "\"AppXalert/Preview Content\"";
				DEVELOPMENT_TEAM = 68GPA5Y63M;
				ENABLE_HARDENED_RUNTIME = YES;
				ENABLE_PREVIEWS = YES;
				GENERATE_INFOPLIST_FILE = YES;
				"INFOPLIST_KEY_UIApplicationSceneManifest_Generation[sdk=iphoneos*]" = YES;
				"INFOPLIST_KEY_UIApplicationSceneManifest_Generation[sdk=iphonesimulator*]" = YES;
				"INFOPLIST_KEY_UIApplicationSupportsIndirectInputEvents[sdk=iphoneos*]" = YES;
				"INFOPLIST_KEY_UIApplicationSupportsIndirectInputEvents[sdk=iphonesimulator*]" = YES;
				"INFOPLIST_KEY_UILaunchScreen_Generation[sdk=iphoneos*]" = YES;
				"INFOPLIST_KEY_UILaunchScreen_Generation[sdk=iphonesimulator*]" = YES;
				"INFOPLIST_KEY_UIStatusBarStyle[sdk=iphoneos*]" = UIStatusBarStyleDefault;
				"INFOPLIST_KEY_UIStatusBarStyle[sdk=iphonesimulator*]" = UIStatusBarStyleDefault;
				INFOPLIST_KEY_UISupportedInterfaceOrientations_iPad = "UIInterfaceOrientationPortrait UIInterfaceOrientationPortraitUpsideDown UIInterfaceOrientationLandscapeLeft UIInterfaceOrientationLandscapeRight";
				INFOPLIST_KEY_UISupportedInterfaceOrientations_iPhone = "UIInterfaceOrientationPortrait UIInterfaceOrientationLandscapeLeft UIInterfaceOrientationLandscapeRight";
				IPHONEOS_DEPLOYMENT_TARGET = 17.5;
				LD_RUNPATH_SEARCH_PATHS = "@executable_path/Frameworks";
				"LD_RUNPATH_SEARCH_PATHS[sdk=macosx*]" = "@executable_path/../Frameworks";
				MACOSX_DEPLOYMENT_TARGET = 14.0;
				MARKETING_VERSION = 1.0;
				PRODUCT_BUNDLE_IDENTIFIER = "xanderdinho-gmail.appnw.AppXalert";
				PRODUCT_NAME = "$(TARGET_NAME)";
				SDKROOT = auto;
				SUPPORTED_PLATFORMS = "iphoneos iphonesimulator macosx";
				SWIFT_EMIT_LOC_STRINGS = YES;
				SWIFT_VERSION = 5.0;
				TARGETED_DEVICE_FAMILY = "1,2";
			};
			name = Debug;
		};
		B0CE91502EA835E700110F9D /* Release */ = {
			isa = XCBuildConfiguration;
			buildSettings = {
				ASSETCATALOG_COMPILER_APPICON_NAME = AppIcon;
				ASSETCATALOG_COMPILER_GLOBAL_ACCENT_COLOR_NAME = AccentColor;
				CODE_SIGN_ENTITLEMENTS = AppXalert/AppXalert.entitlements;
				CODE_SIGN_STYLE = Automatic;
				CURRENT_PROJECT_VERSION = 1;
				DEVELOPMENT_ASSET_PATHS = "\"AppXalert/Preview Content\"";
				DEVELOPMENT_TEAM = 68GPA5Y63M;
				ENABLE_HARDENED_RUNTIME = YES;
				ENABLE_PREVIEWS = YES;
				GENERATE_INFOPLIST_FILE = YES;
				"INFOPLIST_KEY_UIApplicationSceneManifest_Generation[sdk=iphoneos*]" = YES;
				"INFOPLIST_KEY_UIApplicationSceneManifest_Generation[sdk=iphonesimulator*]" = YES;
				"INFOPLIST_KEY_UIApplicationSupportsIndirectInputEvents[sdk=iphoneos*]" = YES;
				"INFOPLIST_KEY_UIApplicationSupportsIndirectInputEvents[sdk=iphonesimulator*]" = YES;
				"INFOPLIST_KEY_UILaunchScreen_Generation[sdk=iphoneos*]" = YES;
				"INFOPLIST_KEY_UILaunchScreen_Generation[sdk=iphonesimulator*]" = YES;
				"INFOPLIST_KEY_UIStatusBarStyle[sdk=iphoneos*]" = UIStatusBarStyleDefault;
				"INFOPLIST_KEY_UIStatusBarStyle[sdk=iphonesimulator*]" = UIStatusBarStyleDefault;
				INFOPLIST_KEY_UISupportedInterfaceOrientations_iPad = "UIInterfaceOrientationPortrait UIInterfaceOrientationPortraitUpsideDown UIInterfaceOrientationLandscapeLeft UIInterfaceOrientationLandscapeRight";
				INFOPLIST_KEY_UISupportedInterfaceOrientations_iPhone = "UIInterfaceOrientationPortrait UIInterfaceOrientationLandscapeLeft UIInterfaceOrientationLandscapeRight";
				IPHONEOS_DEPLOYMENT_TARGET = 17.5;
				LD_RUNPATH_SEARCH_PATHS = "@executable_path/Frameworks";
				"LD_RUNPATH_SEARCH_PATHS[sdk=macosx*]" = "@executable_path/../Frameworks";
				MACOSX_DEPLOYMENT_TARGET = 14.0;
				MARKETING_VERSION = 1.0;
				PRODUCT_BUNDLE_IDENTIFIER = "xanderdinho-gmail.appnw.AppXalert";
				PRODUCT_NAME = "$(TARGET_NAME)";
				SDKROOT = auto;
				SUPPORTED_PLATFORMS = "iphoneos iphonesimulator macosx";
				SWIFT_EMIT_LOC_STRINGS = YES;
				SWIFT_VERSION = 5.0;
				TARGETED_DEVICE_FAMILY = "1,2";
			};
			name = Release;
		};
		B0CE91522EA835E700110F9D /* Debug */ = {
			isa = XCBuildConfiguration;
			buildSettings = {
				ALWAYS_EMBED_SWIFT_STANDARD_LIBRARIES = YES;
				BUNDLE_LOADER = "$(TEST_HOST)";
				CODE_SIGN_STYLE = Automatic;
				CURRENT_PROJECT_VERSION = 1;
				DEVELOPMENT_TEAM = 68GPA5Y63M;
				GENERATE_INFOPLIST_FILE = YES;
				IPHONEOS_DEPLOYMENT_TARGET = 17.5;
				MACOSX_DEPLOYMENT_TARGET = 14.1;
				MARKETING_VERSION = 1.0;
				PRODUCT_BUNDLE_IDENTIFIER = "xanderdinho-gmail.appnw.AppXalertTests";
				PRODUCT_NAME = "$(TARGET_NAME)";
				SDKROOT = auto;
				SUPPORTED_PLATFORMS = "iphoneos iphonesimulator macosx";
				SWIFT_EMIT_LOC_STRINGS = NO;
				SWIFT_VERSION = 5.0;
				TARGETED_DEVICE_FAMILY = "1,2";
				TEST_HOST = "$(BUILT_PRODUCTS_DIR)/AppXalert.app/$(BUNDLE_EXECUTABLE_FOLDER_PATH)/AppXalert";
			};
			name = Debug;
		};
		B0CE91532EA835E700110F9D /* Release */ = {
			isa = XCBuildConfiguration;
			buildSettings = {
				ALWAYS_EMBED_SWIFT_STANDARD_LIBRARIES = YES;
				BUNDLE_LOADER = "$(TEST_HOST)";
				CODE_SIGN_STYLE = Automatic;
				CURRENT_PROJECT_VERSION = 1;
				DEVELOPMENT_TEAM = 68GPA5Y63M;
				GENERATE_INFOPLIST_FILE = YES;
				IPHONEOS_DEPLOYMENT_TARGET = 17.5;
				MACOSX_DEPLOYMENT_TARGET = 14.1;
				MARKETING_VERSION = 1.0;
				PRODUCT_BUNDLE_IDENTIFIER = "xanderdinho-gmail.appnw.AppXalertTests";
				PRODUCT_NAME = "$(TARGET_NAME)";
				SDKROOT = auto;
				SUPPORTED_PLATFORMS = "iphoneos iphonesimulator macosx";
				SWIFT_EMIT_LOC_STRINGS = NO;
				SWIFT_VERSION = 5.0;
				TARGETED_DEVICE_FAMILY = "1,2";
				TEST_HOST = "$(BUILT_PRODUCTS_DIR)/AppXalert.app/$(BUNDLE_EXECUTABLE_FOLDER_PATH)/AppXalert";
			};
			name = Release;
		};
		B0CE91552EA835E700110F9D /* Debug */ = {
			isa = XCBuildConfiguration;
			buildSettings = {
				ALWAYS_EMBED_SWIFT_STANDARD_LIBRARIES = YES;
				CODE_SIGN_STYLE = Automatic;
				CURRENT_PROJECT_VERSION = 1;
				DEVELOPMENT_TEAM = 68GPA5Y63M;
				GENERATE_INFOPLIST_FILE = YES;
				IPHONEOS_DEPLOYMENT_TARGET = 17.5;
				MACOSX_DEPLOYMENT_TARGET = 14.1;
				MARKETING_VERSION = 1.0;
				PRODUCT_BUNDLE_IDENTIFIER = "xanderdinho-gmail.appnw.AppXalertUITests";
				PRODUCT_NAME = "$(TARGET_NAME)";
				SDKROOT = auto;
				SUPPORTED_PLATFORMS = "iphoneos iphonesimulator macosx";
				SWIFT_EMIT_LOC_STRINGS = NO;
				SWIFT_VERSION = 5.0;
				TARGETED_DEVICE_FAMILY = "1,2";
				TEST_TARGET_NAME = AppXalert;
			};
			name = Debug;
		};
		B0CE91562EA835E700110F9D /* Release */ = {
			isa = XCBuildConfiguration;
			buildSettings = {
				ALWAYS_EMBED_SWIFT_STANDARD_LIBRARIES = YES;
				CODE_SIGN_STYLE = Automatic;
				CURRENT_PROJECT_VERSION = 1;
				DEVELOPMENT_TEAM = 68GPA5Y63M;
				GENERATE_INFOPLIST_FILE = YES;
				IPHONEOS_DEPLOYMENT_TARGET = 17.5;
				MACOSX_DEPLOYMENT_TARGET = 14.1;
				MARKETING_VERSION = 1.0;
				PRODUCT_BUNDLE_IDENTIFIER = "xanderdinho-gmail.appnw.AppXalertUITests";
				PRODUCT_NAME = "$(TARGET_NAME)";
				SDKROOT = auto;
				SUPPORTED_PLATFORMS = "iphoneos iphonesimulator macosx";
				SWIFT_EMIT_LOC_STRINGS = NO;
				SWIFT_VERSION = 5.0;
				TARGETED_DEVICE_FAMILY = "1,2";
				TEST_TARGET_NAME = AppXalert;
			};
			name = Release;
		};
/* End XCBuildConfiguration section */

/* Begin XCConfigurationList section */
		B0CE91222EA835E400110F9D /* Build configuration list for PBXProject "AppXalert" */ = {
			isa = XCConfigurationList;
			buildConfigurations = (
				B0CE914C2EA835E700110F9D /* Debug */,
				B0CE914D2EA835E700110F9D /* Release */,
			);
			defaultConfigurationIsVisible = 0;
			defaultConfigurationName = Release;
		};
		B0CE914E2EA835E700110F9D /* Build configuration list for PBXNativeTarget "AppXalert" */ = {
			isa = XCConfigurationList;
			buildConfigurations = (
				B0CE914F2EA835E700110F9D /* Debug */,
				B0CE91502EA835E700110F9D /* Release */,
			);
			defaultConfigurationIsVisible = 0;
			defaultConfigurationName = Release;
		};
		B0CE91512EA835E700110F9D /* Build configuration list for PBXNativeTarget "AppXalertTests" */ = {
			isa = XCConfigurationList;
			buildConfigurations = (
				B0CE91522EA835E700110F9D /* Debug */,
				B0CE91532EA835E700110F9D /* Release */,
			);
			defaultConfigurationIsVisible = 0;
			defaultConfigurationName = Release;
		};
		B0CE91542EA835E700110F9D /* Build configuration list for PBXNativeTarget "AppXalertUITests" */ = {
			isa = XCConfigurationList;
			buildConfigurations = (
				B0CE91552EA835E700110F9D /* Debug */,
				B0CE91562EA835E700110F9D /* Release */,
			);
			defaultConfigurationIsVisible = 0;
			defaultConfigurationName = Release;
		};
/* End XCConfigurationList section */
	};
	rootObject = B0CE911F2EA835E400110F9D /* Project object */;
}
